{
  "name": "tslint-lt",
  "version": "1.7.1",
  "lockfileVersion": 1,
  "requires": true,
  "dependencies": {
    "@types/node": {
      "version": "8.10.9",
      "resolved": "https://registry.npmjs.org/@types/node/-/node-8.10.9.tgz",
      "integrity": "sha512-GUUTbeDaJSRaoLkqVQ5jwwKbDiLWFX3JrKLvC078q2P51Z9Dcb5F5UdnApSYqdMk4X0VrKod1gzeoX8bGl8DMg==",
      "dev": true
    },
    "prettier": {
      "version": "1.14.2",
      "resolved": "https://registry.npmjs.org/prettier/-/prettier-1.14.2.tgz",
      "integrity": "sha512-McHPg0n1pIke+A/4VcaS2en+pTNjy4xF+Uuq86u/5dyDO59/TtFZtQ708QIRkEZ3qwKz3GVkVa6mpxK/CpB8Rg==",
      "dev": true
    },
    "tslint-config-prettier": {
      "version": "1.15.0",
      "resolved": "https://registry.npmjs.org/tslint-config-prettier/-/tslint-config-prettier-1.15.0.tgz",
      "integrity": "sha512-06CgrHJxJmNYVgsmeMoa1KXzQRoOdvfkqnJth6XUkNeOz707qxN0WfxfhYwhL5kXHHbYJRby2bqAPKwThlZPhw==",
      "dev": true
    },
    "typescript": {
      "version": "2.8.3",
      "resolved": "https://registry.npmjs.org/typescript/-/typescript-2.8.3.tgz",
      "integrity": "sha512-K7g15Bb6Ra4lKf7Iq2l/I5/En+hLIHmxWZGq3D4DIRNFxMNV6j2SHSvDOqs2tGd4UvD/fJvrwopzQXjLrT7Itw==",
      "dev": true
    }
  }
}
